<?xml version="1.0" encoding="utf-8"?>
<Project ToolsVersion="4.0" xmlns="http://schemas.microsoft.com/developer/msbuild/2003">
  <ItemGroup>
    <Filter Include="Source Files">
      <UniqueIdentifier>{4FC737F1-C7A5-4376-A066-2A32D752A2FF}</UniqueIdentifier>
      <Extensions>cpp;c;cc;cxx;c++;cppm;ixx;def;odl;idl;hpj;bat;asm;asmx</Extensions>
    </Filter>
    <Filter Include="Header Files">
      <UniqueIdentifier>{93995380-89BD-4b04-88EB-625FBE52EBFB}</UniqueIdentifier>
      <Extensions>h;hh;hpp;hxx;h++;hm;inl;inc;ipp;xsd</Extensions>
    </Filter>
    <Filter Include="Resource Files">
      <UniqueIdentifier>{67DA6AB6-F800-4c08-8B7A-83BB121AAD01}</UniqueIdentifier>
      <Extensions>rc;ico;cur;bmp;dlg;rc2;rct;bin;rgs;gif;jpg;jpeg;jpe;resx;tiff;tif;png;wav;mfcribbon-ms</Extensions>
    </Filter>
    <Filter Include="Shaders">
      <UniqueIdentifier>{e880eb65-0a78-40f5-9240-cc9cae7c9b23}</UniqueIdentifier>
    </Filter>
  </ItemGroup>
  <ItemGroup>
    <ClCompile Include="source\main.cpp">
      <Filter>Source Files</Filter>
    </ClCompile>
    <ClCompile Include="source\test\btest_hello_world.cpp">
      <Filter>Source Files</Filter>
    </ClCompile>
    <ClCompile Include="source\utils\self_utils.cpp">
      <Filter>Source Files</Filter>
    </ClCompile>
    <ClCompile Include="source\core\application.cpp">
      <Filter>Source Files</Filter>
    </ClCompile>
    <ClCompile Include="source\test\btest_test.cpp">
      <Filter>Source Files</Filter>
    </ClCompile>
    <ClCompile Include="data\obj\obj_data.cpp">
      <Filter>Source Files</Filter>
    </ClCompile>
    <ClCompile Include="headers\abstract\shader.h">
      <Filter>Source Files</Filter>
    </ClCompile>
    <ClCompile Include="source\utils\shader_utils.cpp">
      <Filter>Source Files</Filter>
    </ClCompile>
    <ClCompile Include="data\material\colors.cpp">
      <Filter>Source Files</Filter>
    </ClCompile>
    <ClCompile Include="source\event_handling\window_events.cpp">
      <Filter>Source Files</Filter>
    </ClCompile>
    <ClCompile Include="source\utils\image_utils.cpp">
      <Filter>Source Files</Filter>
    </ClCompile>
    <ClCompile Include="source\test\utest_vector3.cpp">
      <Filter>Source Files</Filter>
    </ClCompile>
    <ClCompile Include="headers\abstract\matrix4.h">
      <Filter>Source Files</Filter>
    </ClCompile>
    <ClCompile Include="source\test\utest_matrix4.cpp">
      <Filter>Source Files</Filter>
    </ClCompile>
    <ClCompile Include="source\test\utest_vector4.cpp">
      <Filter>Source Files</Filter>
    </ClCompile>
    <ClCompile Include="source\utils\matrix_utils.cpp">
      <Filter>Source Files</Filter>
    </ClCompile>
    <ClCompile Include="source\test\itest_transformations.cpp">
      <Filter>Source Files</Filter>
    </ClCompile>
    <ClCompile Include="libs\imgui-1.89.5\imgui.cpp">
      <Filter>Source Files</Filter>
    </ClCompile>
    <ClCompile Include="libs\imgui-1.89.5\imgui_draw.cpp">
      <Filter>Source Files</Filter>
    </ClCompile>
    <ClCompile Include="libs\imgui-1.89.5\imgui_widgets.cpp">
      <Filter>Source Files</Filter>
    </ClCompile>
    <ClCompile Include="libs\imgui-1.89.5\imgui_tables.cpp">
      <Filter>Source Files</Filter>
    </ClCompile>
    <ClCompile Include="libs\imgui-1.89.5\imgui_impl_glfw.cpp">
      <Filter>Source Files</Filter>
    </ClCompile>
    <ClCompile Include="libs\imgui-1.89.5\imgui_impl_opengl3.cpp">
      <Filter>Source Files</Filter>
    </ClCompile>
    <ClCompile Include="libs\imgui-1.89.5\imgui_demo.cpp">
      <Filter>Source Files</Filter>
    </ClCompile>
    <ClCompile Include="headers\templates\header_template_1.0.h">
      <Filter>Source Files</Filter>
    </ClCompile>
    <ClCompile Include="source\utils\common_utils.cpp">
      <Filter>Source Files</Filter>
    </ClCompile>
    <ClCompile Include="data\material\material.cpp">
      <Filter>Source Files</Filter>
    </ClCompile>
    <ClCompile Include="data\scenes\draw_obj.cpp">
      <Filter>Source Files</Filter>
    </ClCompile>
    <ClCompile Include="shaders\2.1.lightmap_lit_vrtx_shader.glsl">
      <Filter>Source Files</Filter>
    </ClCompile>
    <ClCompile Include="source\core\camera.cpp">
      <Filter>Source Files</Filter>
    </ClCompile>
    <ClCompile Include="data\obj\obj_world_positions.cpp">
      <Filter>Source Files</Filter>
    </ClCompile>
    <ClCompile Include="data\scenes\2.0_multiplelights_scene.cpp">
      <Filter>Source Files</Filter>
    </ClCompile>
    <ClCompile Include="data\maps\shader_paths.cpp">
      <Filter>Source Files</Filter>
    </ClCompile>
    <ClCompile Include="data\obj\predefined_lights.cpp">
      <Filter>Source Files</Filter>
    </ClCompile>
    <ClCompile Include="headers\abstract\vector2.h">
      <Filter>Source Files</Filter>
    </ClCompile>
    <ClCompile Include="source\core\asset_import.cpp">
      <Filter>Source Files</Filter>
    </ClCompile>
    <ClCompile Include="libs\glad-0.136\src\glad.c">
      <Filter>Source Files</Filter>
    </ClCompile>
    <ClCompile Include="data\scenes\2.3_importmodel_scene.cpp">
      <Filter>Source Files</Filter>
    </ClCompile>
    <ClCompile Include="data\scenes\3.0_testobjects_scene.cpp">
      <Filter>Source Files</Filter>
    </ClCompile>
    <ClCompile Include="data\scenes\3.2_blending_testscene.cpp">
      <Filter>Source Files</Filter>
    </ClCompile>
    <ClCompile Include="source\utils\vector_utils.cpp">
      <Filter>Source Files</Filter>
    </ClCompile>
  </ItemGroup>
  <ItemGroup>
    <ClInclude Include="headers\test\basic.h">
      <Filter>Header Files</Filter>
    </ClInclude>
    <ClInclude Include="headers\core\opengl.h">
      <Filter>Header Files</Filter>
    </ClInclude>
    <ClInclude Include="headers\utils\utilities.h">
      <Filter>Header Files</Filter>
    </ClInclude>
    <ClInclude Include="headers\data\data.h">
      <Filter>Header Files</Filter>
    </ClInclude>
    <ClInclude Include="headers\maps\shaders.h">
      <Filter>Header Files</Filter>
    </ClInclude>
    <ClInclude Include="libs\stb_image.h">
      <Filter>Header Files</Filter>
    </ClInclude>
    <ClInclude Include="headers\events\events.h">
      <Filter>Header Files</Filter>
    </ClInclude>
    <ClInclude Include="headers\abstract\uniforms.h">
      <Filter>Header Files</Filter>
    </ClInclude>
    <ClInclude Include="headers\abstract\vector3.h">
      <Filter>Header Files</Filter>
    </ClInclude>
    <ClInclude Include="headers\test\unit_tests.h">
      <Filter>Header Files</Filter>
    </ClInclude>
    <ClInclude Include="headers\abstract\vector4.h">
      <Filter>Header Files</Filter>
    </ClInclude>
    <ClInclude Include="headers\test\integration_tests.h">
      <Filter>Header Files</Filter>
    </ClInclude>
    <ClInclude Include="libs\imgui-1.89.5\imconfig.h">
      <Filter>Header Files</Filter>
    </ClInclude>
    <ClInclude Include="libs\imgui-1.89.5\imgui.h">
      <Filter>Header Files</Filter>
    </ClInclude>
    <ClInclude Include="libs\imgui-1.89.5\imgui_impl_glfw.h">
      <Filter>Header Files</Filter>
    </ClInclude>
    <ClInclude Include="libs\imgui-1.89.5\imgui_impl_opengl3.h">
      <Filter>Header Files</Filter>
    </ClInclude>
    <ClInclude Include="libs\imgui-1.89.5\imgui_internal.h">
      <Filter>Header Files</Filter>
    </ClInclude>
    <ClInclude Include="libs\imgui-1.89.5\imstb_textedit.h">
      <Filter>Header Files</Filter>
    </ClInclude>
    <ClInclude Include="libs\imgui-1.89.5\imstb_rectpack.h">
      <Filter>Header Files</Filter>
    </ClInclude>
    <ClInclude Include="libs\imgui-1.89.5\imstb_truetype.h">
      <Filter>Header Files</Filter>
    </ClInclude>
    <ClInclude Include="libs\imgui-1.89.5\imgui_impl_opengl3_loader.h">
      <Filter>Header Files</Filter>
    </ClInclude>
    <ClInclude Include="headers\abstract\application.h">
      <Filter>Header Files</Filter>
    </ClInclude>
    <ClInclude Include="headers\abstract\ui.h">
      <Filter>Header Files</Filter>
    </ClInclude>
    <ClInclude Include="headers\abstract\scene_state.h">
      <Filter>Header Files</Filter>
    </ClInclude>
    <ClInclude Include="headers\abstract\camera.h">
      <Filter>Header Files</Filter>
    </ClInclude>
    <ClInclude Include="headers\abstract\window_state.h">
      <Filter>Header Files</Filter>
    </ClInclude>
    <ClInclude Include="headers\abstract\material.h">
      <Filter>Header Files</Filter>
    </ClInclude>
    <ClInclude Include="headers\abstract\light.h">
      <Filter>Header Files</Filter>
    </ClInclude>
    <ClInclude Include="headers\abstract\mesh.h">
      <Filter>Header Files</Filter>
    </ClInclude>
    <ClInclude Include="headers\abstract\model.h">
      <Filter>Header Files</Filter>
    </ClInclude>
  </ItemGroup>
  <ItemGroup>
    <None Include="shaders\old\v1.0_fragShader.glsl">
      <Filter>Shaders</Filter>
    </None>
    <None Include="shaders\old\v1.0_vrtxShader.glsl">
      <Filter>Shaders</Filter>
    </None>
    <None Include="shaders\old\fragShader_2.glsl">
      <Filter>Shaders</Filter>
    </None>
    <None Include="shaders\old\fragShader_1.glsl">
      <Filter>Source Files</Filter>
    </None>
    <None Include="shaders\old\v1.1_fragShader.glsl">
      <Filter>Shaders</Filter>
    </None>
    <None Include="shaders\old\v1.1_vrtxShader.glsl">
      <Filter>Source Files</Filter>
    </None>
    <None Include="shaders\old\vrtxShader.glsl">
      <Filter>Shaders</Filter>
    </None>
    <None Include="shaders\old\fragShader.glsl">
      <Filter>Shaders</Filter>
    </None>
    <None Include="shaders\old\v1.2_vrtxShader.glsl">
      <Filter>Shaders</Filter>
    </None>
    <None Include="shaders\old\v1.2_fragShader.glsl">
      <Filter>Shaders</Filter>
    </None>
    <None Include="shaders\3d_fragShader.glsl">
      <Filter>Shaders</Filter>
    </None>
    <None Include="shaders\3d_vrtxShader.glsl">
      <Filter>Shaders</Filter>
    </None>
    <None Include="shaders\lit_vrtxShader.glsl">
      <Filter>Shaders</Filter>
    </None>
    <None Include="shaders\lit_fragShader.glsl">
      <Filter>Source Files</Filter>
    </None>
    <None Include="shaders\2.1.lightmap_lit_frag_shader.glsl">
      <Filter>Shaders</Filter>
    </None>
    <None Include="shaders\2.2.lightcaster-point_lit_frag_shader.glsl">
      <Filter>Shaders</Filter>
    </None>
    <None Include="shaders\2.2.lightcaster-point_lit_vrtx_shader.glsl">
      <Filter>Shaders</Filter>
    </None>
    <None Include="shaders\2.2.lightcaster-directional_lit_vrtx_shader.glsl">
      <Filter>Shaders</Filter>
    </None>
    <None Include="shaders\2.2.lightcaster-directional_lit_frag_shader.glsl">
      <Filter>Shaders</Filter>
    </None>
    <None Include="shaders\2.2.lightcaster-spot_lit_frag_shader.glsl">
      <Filter>Shaders</Filter>
    </None>
    <None Include="shaders\2.2.lightcaster-spot_lit_vrtx_shader.glsl">
      <Filter>Shaders</Filter>
    </None>
    <None Include="shaders\2.3.multiplelights_lit_vrtx_shader.glsl">
      <Filter>Shaders</Filter>
    </None>
    <None Include="shaders\2.3.multiplelights_lit_frag_shader.glsl">
      <Filter>Shaders</Filter>
    </None>
    <None Include="libs\assimp-5.2.5\build\Debug\assimp-vc143-mtd.exp" />
    <None Include="x64\Debug\assimp-vc143-mtd.dll" />
  </ItemGroup>
  <ItemGroup>
    <Library Include="libs\assimp-5.2.5\build\Debug\assimp-vc143-mtd.lib" />
  </ItemGroup>
</Project>